
Microsoft Visual Studio Solution File, Format Version 12.00
# Visual Studio Version 16
VisualStudioVersion = 16.0.29920.165
MinimumVisualStudioVersion = 10.0.40219.1
Project("{8BC9CEB8-8B4A-11D0-8D11-00A0C91BC942}") = "Ejercicio1", "AlgoritmosUTN\AlgoritmosUTN.vcxproj", "{BB9F3A26-7036-4A7A-A1BF-9053F1F61E6D}"
EndProject
Project("{8BC9CEB8-8B4A-11D0-8D11-00A0C91BC942}") = "Ejercicio2", "Ejercicio2\Ejercicio2.vcxproj", "{8427A69C-61D7-4049-A4BB-0B99971F44D7}"
EndProject
Project("{8BC9CEB8-8B4A-11D0-8D11-00A0C91BC942}") = "Ejercicio3", "Ejercicio3\Ejercicio3.vcxproj", "{3D20D631-45AD-410B-822F-E642F9CDC611}"
EndProject
Project("{8BC9CEB8-8B4A-11D0-8D11-00A0C91BC942}") = "Ejercicio4", "Ejercicio4\Ejercicio4.vcxproj", "{7EA45EB9-CA19-488B-9288-115669BCC8F8}"
EndProject
Project("{8BC9CEB8-8B4A-11D0-8D11-00A0C91BC942}") = "Ejercicio5", "Ejercicio5\Ejercicio5.vcxproj", "{86A019EB-A32E-4457-9F1F-78AD16CCD0EB}"
EndProject
Project("{8BC9CEB8-8B4A-11D0-8D11-00A0C91BC942}") = "Ejercicio6", "Ejercicio6\Ejercicio6.vcxproj", "{6EDFE612-1A16-4AF9-B1F6-F4C50AB6DF2F}"
EndProject
Project("{8BC9CEB8-8B4A-11D0-8D11-00A0C91BC942}") = "Ejercicio7", "Ejercicio7\Ejercicio7.vcxproj", "{1FC53332-3944-445B-BDED-5F4004AB2F58}"
EndProject
Project("{8BC9CEB8-8B4A-11D0-8D11-00A0C91BC942}") = "Ejercicio11(loops)", "Ejercicio8(loops)\Ejercicio8(loops).vcxproj", "{C411F692-6FF8-496B-9442-E39930130B9B}"
EndProject
Project("{8BC9CEB8-8B4A-11D0-8D11-00A0C91BC942}") = "Ejercicio12(loops)", "Ejercicio9(loops)\Ejercicio9(loops).vcxproj", "{B0F9F1BA-552D-4968-B055-9C33129B97BE}"
EndProject
Project("{8BC9CEB8-8B4A-11D0-8D11-00A0C91BC942}") = "Ejercicio13(loops)", "Ejercicio10(loops)\Ejercicio10(loops).vcxproj", "{AE71F086-FF56-47D5-B9E0-ED7EC5E39DBC}"
EndProject
Project("{8BC9CEB8-8B4A-11D0-8D11-00A0C91BC942}") = "Ejercicio15(loops)", "Ejercicio11(loops)\Ejercicio11(loops).vcxproj", "{F7A55EDF-0C1F-4B02-B131-8388B70487EE}"
EndProject
Project("{8BC9CEB8-8B4A-11D0-8D11-00A0C91BC942}") = "Ejercicio16(loops)", "Ejercicio16\Ejercicio16.vcxproj", "{25A12382-A59A-42D8-8E62-0CD7E86831F2}"
EndProject
Project("{8BC9CEB8-8B4A-11D0-8D11-00A0C91BC942}") = "Ejercicio17(loops)", "Ejercicio17\Ejercicio17.vcxproj", "{632CDB2E-2241-4173-8E65-5A9F28D73BC7}"
EndProject
Project("{8BC9CEB8-8B4A-11D0-8D11-00A0C91BC942}") = "Ejercicio18(loops)", "Ejercicio18\Ejercicio18.vcxproj", "{809B7D14-D8B2-4FB3-842F-21E9CEB6096F}"
EndProject
Project("{8BC9CEB8-8B4A-11D0-8D11-00A0C91BC942}") = "Ejercicio19(loops)", "Ejercicio19\Ejercicio19.vcxproj", "{7AF6CF5B-D6F3-4CE8-A95C-72B189FAF9E4}"
EndProject
Project("{8BC9CEB8-8B4A-11D0-8D11-00A0C91BC942}") = "Ejercicio14(loops)", "Ejercicio14(loops)\Ejercicio14(loops).vcxproj", "{E9DB7211-CB20-44AF-91C4-138FB29AF4C6}"
EndProject
Global
	GlobalSection(SolutionConfigurationPlatforms) = preSolution
		Debug|x64 = Debug|x64
		Debug|x86 = Debug|x86
		Release|x64 = Release|x64
		Release|x86 = Release|x86
	EndGlobalSection
	GlobalSection(ProjectConfigurationPlatforms) = postSolution
		{BB9F3A26-7036-4A7A-A1BF-9053F1F61E6D}.Debug|x64.ActiveCfg = Debug|x64
		{BB9F3A26-7036-4A7A-A1BF-9053F1F61E6D}.Debug|x64.Build.0 = Debug|x64
		{BB9F3A26-7036-4A7A-A1BF-9053F1F61E6D}.Debug|x86.ActiveCfg = Debug|Win32
		{BB9F3A26-7036-4A7A-A1BF-9053F1F61E6D}.Debug|x86.Build.0 = Debug|Win32
		{BB9F3A26-7036-4A7A-A1BF-9053F1F61E6D}.Release|x64.ActiveCfg = Release|x64
		{BB9F3A26-7036-4A7A-A1BF-9053F1F61E6D}.Release|x64.Build.0 = Release|x64
		{BB9F3A26-7036-4A7A-A1BF-9053F1F61E6D}.Release|x86.ActiveCfg = Release|Win32
		{BB9F3A26-7036-4A7A-A1BF-9053F1F61E6D}.Release|x86.Build.0 = Release|Win32
		{8427A69C-61D7-4049-A4BB-0B99971F44D7}.Debug|x64.ActiveCfg = Debug|x64
		{8427A69C-61D7-4049-A4BB-0B99971F44D7}.Debug|x64.Build.0 = Debug|x64
		{8427A69C-61D7-4049-A4BB-0B99971F44D7}.Debug|x86.ActiveCfg = Debug|Win32
		{8427A69C-61D7-4049-A4BB-0B99971F44D7}.Debug|x86.Build.0 = Debug|Win32
		{8427A69C-61D7-4049-A4BB-0B99971F44D7}.Release|x64.ActiveCfg = Release|x64
		{8427A69C-61D7-4049-A4BB-0B99971F44D7}.Release|x64.Build.0 = Release|x64
		{8427A69C-61D7-4049-A4BB-0B99971F44D7}.Release|x86.ActiveCfg = Release|Win32
		{8427A69C-61D7-4049-A4BB-0B99971F44D7}.Release|x86.Build.0 = Release|Win32
		{3D20D631-45AD-410B-822F-E642F9CDC611}.Debug|x64.ActiveCfg = Debug|x64
		{3D20D631-45AD-410B-822F-E642F9CDC611}.Debug|x64.Build.0 = Debug|x64
		{3D20D631-45AD-410B-822F-E642F9CDC611}.Debug|x86.ActiveCfg = Debug|Win32
		{3D20D631-45AD-410B-822F-E642F9CDC611}.Debug|x86.Build.0 = Debug|Win32
		{3D20D631-45AD-410B-822F-E642F9CDC611}.Release|x64.ActiveCfg = Release|x64
		{3D20D631-45AD-410B-822F-E642F9CDC611}.Release|x64.Build.0 = Release|x64
		{3D20D631-45AD-410B-822F-E642F9CDC611}.Release|x86.ActiveCfg = Release|Win32
		{3D20D631-45AD-410B-822F-E642F9CDC611}.Release|x86.Build.0 = Release|Win32
		{7EA45EB9-CA19-488B-9288-115669BCC8F8}.Debug|x64.ActiveCfg = Debug|x64
		{7EA45EB9-CA19-488B-9288-115669BCC8F8}.Debug|x64.Build.0 = Debug|x64
		{7EA45EB9-CA19-488B-9288-115669BCC8F8}.Debug|x86.ActiveCfg = Debug|Win32
		{7EA45EB9-CA19-488B-9288-115669BCC8F8}.Debug|x86.Build.0 = Debug|Win32
		{7EA45EB9-CA19-488B-9288-115669BCC8F8}.Release|x64.ActiveCfg = Release|x64
		{7EA45EB9-CA19-488B-9288-115669BCC8F8}.Release|x64.Build.0 = Release|x64
		{7EA45EB9-CA19-488B-9288-115669BCC8F8}.Release|x86.ActiveCfg = Release|Win32
		{7EA45EB9-CA19-488B-9288-115669BCC8F8}.Release|x86.Build.0 = Release|Win32
		{86A019EB-A32E-4457-9F1F-78AD16CCD0EB}.Debug|x64.ActiveCfg = Debug|x64
		{86A019EB-A32E-4457-9F1F-78AD16CCD0EB}.Debug|x64.Build.0 = Debug|x64
		{86A019EB-A32E-4457-9F1F-78AD16CCD0EB}.Debug|x86.ActiveCfg = Debug|Win32
		{86A019EB-A32E-4457-9F1F-78AD16CCD0EB}.Debug|x86.Build.0 = Debug|Win32
		{86A019EB-A32E-4457-9F1F-78AD16CCD0EB}.Release|x64.ActiveCfg = Release|x64
		{86A019EB-A32E-4457-9F1F-78AD16CCD0EB}.Release|x64.Build.0 = Release|x64
		{86A019EB-A32E-4457-9F1F-78AD16CCD0EB}.Release|x86.ActiveCfg = Release|Win32
		{86A019EB-A32E-4457-9F1F-78AD16CCD0EB}.Release|x86.Build.0 = Release|Win32
		{6EDFE612-1A16-4AF9-B1F6-F4C50AB6DF2F}.Debug|x64.ActiveCfg = Debug|x64
		{6EDFE612-1A16-4AF9-B1F6-F4C50AB6DF2F}.Debug|x64.Build.0 = Debug|x64
		{6EDFE612-1A16-4AF9-B1F6-F4C50AB6DF2F}.Debug|x86.ActiveCfg = Debug|Win32
		{6EDFE612-1A16-4AF9-B1F6-F4C50AB6DF2F}.Debug|x86.Build.0 = Debug|Win32
		{6EDFE612-1A16-4AF9-B1F6-F4C50AB6DF2F}.Release|x64.ActiveCfg = Release|x64
		{6EDFE612-1A16-4AF9-B1F6-F4C50AB6DF2F}.Release|x64.Build.0 = Release|x64
		{6EDFE612-1A16-4AF9-B1F6-F4C50AB6DF2F}.Release|x86.ActiveCfg = Release|Win32
		{6EDFE612-1A16-4AF9-B1F6-F4C50AB6DF2F}.Release|x86.Build.0 = Release|Win32
		{1FC53332-3944-445B-BDED-5F4004AB2F58}.Debug|x64.ActiveCfg = Debug|x64
		{1FC53332-3944-445B-BDED-5F4004AB2F58}.Debug|x64.Build.0 = Debug|x64
		{1FC53332-3944-445B-BDED-5F4004AB2F58}.Debug|x86.ActiveCfg = Debug|Win32
		{1FC53332-3944-445B-BDED-5F4004AB2F58}.Debug|x86.Build.0 = Debug|Win32
		{1FC53332-3944-445B-BDED-5F4004AB2F58}.Release|x64.ActiveCfg = Release|x64
		{1FC53332-3944-445B-BDED-5F4004AB2F58}.Release|x64.Build.0 = Release|x64
		{1FC53332-3944-445B-BDED-5F4004AB2F58}.Release|x86.ActiveCfg = Release|Win32
		{1FC53332-3944-445B-BDED-5F4004AB2F58}.Release|x86.Build.0 = Release|Win32
		{C411F692-6FF8-496B-9442-E39930130B9B}.Debug|x64.ActiveCfg = Debug|x64
		{C411F692-6FF8-496B-9442-E39930130B9B}.Debug|x64.Build.0 = Debug|x64
		{C411F692-6FF8-496B-9442-E39930130B9B}.Debug|x86.ActiveCfg = Debug|Win32
		{C411F692-6FF8-496B-9442-E39930130B9B}.Debug|x86.Build.0 = Debug|Win32
		{C411F692-6FF8-496B-9442-E39930130B9B}.Release|x64.ActiveCfg = Release|x64
		{C411F692-6FF8-496B-9442-E39930130B9B}.Release|x64.Build.0 = Release|x64
		{C411F692-6FF8-496B-9442-E39930130B9B}.Release|x86.ActiveCfg = Release|Win32
		{C411F692-6FF8-496B-9442-E39930130B9B}.Release|x86.Build.0 = Release|Win32
		{B0F9F1BA-552D-4968-B055-9C33129B97BE}.Debug|x64.ActiveCfg = Debug|x64
		{B0F9F1BA-552D-4968-B055-9C33129B97BE}.Debug|x64.Build.0 = Debug|x64
		{B0F9F1BA-552D-4968-B055-9C33129B97BE}.Debug|x86.ActiveCfg = Debug|Win32
		{B0F9F1BA-552D-4968-B055-9C33129B97BE}.Debug|x86.Build.0 = Debug|Win32
		{B0F9F1BA-552D-4968-B055-9C33129B97BE}.Release|x64.ActiveCfg = Release|x64
		{B0F9F1BA-552D-4968-B055-9C33129B97BE}.Release|x64.Build.0 = Release|x64
		{B0F9F1BA-552D-4968-B055-9C33129B97BE}.Release|x86.ActiveCfg = Release|Win32
		{B0F9F1BA-552D-4968-B055-9C33129B97BE}.Release|x86.Build.0 = Release|Win32
		{AE71F086-FF56-47D5-B9E0-ED7EC5E39DBC}.Debug|x64.ActiveCfg = Debug|x64
		{AE71F086-FF56-47D5-B9E0-ED7EC5E39DBC}.Debug|x64.Build.0 = Debug|x64
		{AE71F086-FF56-47D5-B9E0-ED7EC5E39DBC}.Debug|x86.ActiveCfg = Debug|Win32
		{AE71F086-FF56-47D5-B9E0-ED7EC5E39DBC}.Debug|x86.Build.0 = Debug|Win32
		{AE71F086-FF56-47D5-B9E0-ED7EC5E39DBC}.Release|x64.ActiveCfg = Release|x64
		{AE71F086-FF56-47D5-B9E0-ED7EC5E39DBC}.Release|x64.Build.0 = Release|x64
		{AE71F086-FF56-47D5-B9E0-ED7EC5E39DBC}.Release|x86.ActiveCfg = Release|Win32
		{AE71F086-FF56-47D5-B9E0-ED7EC5E39DBC}.Release|x86.Build.0 = Release|Win32
		{F7A55EDF-0C1F-4B02-B131-8388B70487EE}.Debug|x64.ActiveCfg = Debug|x64
		{F7A55EDF-0C1F-4B02-B131-8388B70487EE}.Debug|x64.Build.0 = Debug|x64
		{F7A55EDF-0C1F-4B02-B131-8388B70487EE}.Debug|x86.ActiveCfg = Debug|Win32
		{F7A55EDF-0C1F-4B02-B131-8388B70487EE}.Debug|x86.Build.0 = Debug|Win32
		{F7A55EDF-0C1F-4B02-B131-8388B70487EE}.Release|x64.ActiveCfg = Release|x64
		{F7A55EDF-0C1F-4B02-B131-8388B70487EE}.Release|x64.Build.0 = Release|x64
		{F7A55EDF-0C1F-4B02-B131-8388B70487EE}.Release|x86.ActiveCfg = Release|Win32
		{F7A55EDF-0C1F-4B02-B131-8388B70487EE}.Release|x86.Build.0 = Release|Win32
		{25A12382-A59A-42D8-8E62-0CD7E86831F2}.Debug|x64.ActiveCfg = Debug|x64
		{25A12382-A59A-42D8-8E62-0CD7E86831F2}.Debug|x64.Build.0 = Debug|x64
		{25A12382-A59A-42D8-8E62-0CD7E86831F2}.Debug|x86.ActiveCfg = Debug|Win32
		{25A12382-A59A-42D8-8E62-0CD7E86831F2}.Debug|x86.Build.0 = Debug|Win32
		{25A12382-A59A-42D8-8E62-0CD7E86831F2}.Release|x64.ActiveCfg = Release|x64
		{25A12382-A59A-42D8-8E62-0CD7E86831F2}.Release|x64.Build.0 = Release|x64
		{25A12382-A59A-42D8-8E62-0CD7E86831F2}.Release|x86.ActiveCfg = Release|Win32
		{25A12382-A59A-42D8-8E62-0CD7E86831F2}.Release|x86.Build.0 = Release|Win32
		{632CDB2E-2241-4173-8E65-5A9F28D73BC7}.Debug|x64.ActiveCfg = Debug|x64
		{632CDB2E-2241-4173-8E65-5A9F28D73BC7}.Debug|x64.Build.0 = Debug|x64
		{632CDB2E-2241-4173-8E65-5A9F28D73BC7}.Debug|x86.ActiveCfg = Debug|Win32
		{632CDB2E-2241-4173-8E65-5A9F28D73BC7}.Debug|x86.Build.0 = Debug|Win32
		{632CDB2E-2241-4173-8E65-5A9F28D73BC7}.Release|x64.ActiveCfg = Release|x64
		{632CDB2E-2241-4173-8E65-5A9F28D73BC7}.Release|x64.Build.0 = Release|x64
		{632CDB2E-2241-4173-8E65-5A9F28D73BC7}.Release|x86.ActiveCfg = Release|Win32
		{632CDB2E-2241-4173-8E65-5A9F28D73BC7}.Release|x86.Build.0 = Release|Win32
		{809B7D14-D8B2-4FB3-842F-21E9CEB6096F}.Debug|x64.ActiveCfg = Debug|x64
		{809B7D14-D8B2-4FB3-842F-21E9CEB6096F}.Debug|x64.Build.0 = Debug|x64
		{809B7D14-D8B2-4FB3-842F-21E9CEB6096F}.Debug|x86.ActiveCfg = Debug|Win32
		{809B7D14-D8B2-4FB3-842F-21E9CEB6096F}.Debug|x86.Build.0 = Debug|Win32
		{809B7D14-D8B2-4FB3-842F-21E9CEB6096F}.Release|x64.ActiveCfg = Release|x64
		{809B7D14-D8B2-4FB3-842F-21E9CEB6096F}.Release|x64.Build.0 = Release|x64
		{809B7D14-D8B2-4FB3-842F-21E9CEB6096F}.Release|x86.ActiveCfg = Release|Win32
		{809B7D14-D8B2-4FB3-842F-21E9CEB6096F}.Release|x86.Build.0 = Release|Win32
		{7AF6CF5B-D6F3-4CE8-A95C-72B189FAF9E4}.Debug|x64.ActiveCfg = Debug|x64
		{7AF6CF5B-D6F3-4CE8-A95C-72B189FAF9E4}.Debug|x64.Build.0 = Debug|x64
		{7AF6CF5B-D6F3-4CE8-A95C-72B189FAF9E4}.Debug|x86.ActiveCfg = Debug|Win32
		{7AF6CF5B-D6F3-4CE8-A95C-72B189FAF9E4}.Debug|x86.Build.0 = Debug|Win32
		{7AF6CF5B-D6F3-4CE8-A95C-72B189FAF9E4}.Release|x64.ActiveCfg = Release|x64
		{7AF6CF5B-D6F3-4CE8-A95C-72B189FAF9E4}.Release|x64.Build.0 = Release|x64
		{7AF6CF5B-D6F3-4CE8-A95C-72B189FAF9E4}.Release|x86.ActiveCfg = Release|Win32
		{7AF6CF5B-D6F3-4CE8-A95C-72B189FAF9E4}.Release|x86.Build.0 = Release|Win32
		{E9DB7211-CB20-44AF-91C4-138FB29AF4C6}.Debug|x64.ActiveCfg = Debug|x64
		{E9DB7211-CB20-44AF-91C4-138FB29AF4C6}.Debug|x64.Build.0 = Debug|x64
		{E9DB7211-CB20-44AF-91C4-138FB29AF4C6}.Debug|x86.ActiveCfg = Debug|Win32
		{E9DB7211-CB20-44AF-91C4-138FB29AF4C6}.Debug|x86.Build.0 = Debug|Win32
		{E9DB7211-CB20-44AF-91C4-138FB29AF4C6}.Release|x64.ActiveCfg = Release|x64
		{E9DB7211-CB20-44AF-91C4-138FB29AF4C6}.Release|x64.Build.0 = Release|x64
		{E9DB7211-CB20-44AF-91C4-138FB29AF4C6}.Release|x86.ActiveCfg = Release|Win32
		{E9DB7211-CB20-44AF-91C4-138FB29AF4C6}.Release|x86.Build.0 = Release|Win32
	EndGlobalSection
	GlobalSection(SolutionProperties) = preSolution
		HideSolutionNode = FALSE
	EndGlobalSection
	GlobalSection(ExtensibilityGlobals) = postSolution
		SolutionGuid = {EEA34262-97E9-4117-AD93-67232AA0E3CA}
	EndGlobalSection
EndGlobal
