
Microsoft Visual Studio Solution File, Format Version 12.00
# Visual Studio Version 16
VisualStudioVersion = 16.0.29920.165
MinimumVisualStudioVersion = 10.0.40219.1
Project("{8BC9CEB8-8B4A-11D0-8D11-00A0C91BC942}") = "Ejercicio1", "AlgoritmosUTN\AlgoritmosUTN.vcxproj", "{BB9F3A26-7036-4A7A-A1BF-9053F1F61E6D}"
EndProject
Project("{8BC9CEB8-8B4A-11D0-8D11-00A0C91BC942}") = "Ejercicio2", "Ejercicio2\Ejercicio2.vcxproj", "{8427A69C-61D7-4049-A4BB-0B99971F44D7}"
EndProject
Project("{8BC9CEB8-8B4A-11D0-8D11-00A0C91BC942}") = "Ejercicio3", "Ejercicio3\Ejercicio3.vcxproj", "{3D20D631-45AD-410B-822F-E642F9CDC611}"
EndProject
Project("{8BC9CEB8-8B4A-11D0-8D11-00A0C91BC942}") = "Ejercicio4", "Ejercicio4\Ejercicio4.vcxproj", "{7EA45EB9-CA19-488B-9288-115669BCC8F8}"
EndProject
Project("{8BC9CEB8-8B4A-11D0-8D11-00A0C91BC942}") = "Ejercicio5", "Ejercicio5\Ejercicio5.vcxproj", "{86A019EB-A32E-4457-9F1F-78AD16CCD0EB}"
EndProject
Project("{8BC9CEB8-8B4A-11D0-8D11-00A0C91BC942}") = "Ejercicio6", "Ejercicio6\Ejercicio6.vcxproj", "{6EDFE612-1A16-4AF9-B1F6-F4C50AB6DF2F}"
EndProject
Project("{8BC9CEB8-8B4A-11D0-8D11-00A0C91BC942}") = "Ejercicio7", "Ejercicio7\Ejercicio7.vcxproj", "{1FC53332-3944-445B-BDED-5F4004AB2F58}"
EndProject
Project("{8BC9CEB8-8B4A-11D0-8D11-00A0C91BC942}") = "Ejercicio16(loops)", "Ejercicio16\Ejercicio16.vcxproj", "{25A12382-A59A-42D8-8E62-0CD7E86831F2}"
EndProject
Project("{8BC9CEB8-8B4A-11D0-8D11-00A0C91BC942}") = "Ejercicio17(loops)", "Ejercicio17\Ejercicio17.vcxproj", "{632CDB2E-2241-4173-8E65-5A9F28D73BC7}"
EndProject
Project("{8BC9CEB8-8B4A-11D0-8D11-00A0C91BC942}") = "Ejercicio18(loops)", "Ejercicio18\Ejercicio18.vcxproj", "{809B7D14-D8B2-4FB3-842F-21E9CEB6096F}"
EndProject
Project("{8BC9CEB8-8B4A-11D0-8D11-00A0C91BC942}") = "Ejercicio19(loops)", "Ejercicio19\Ejercicio19.vcxproj", "{7AF6CF5B-D6F3-4CE8-A95C-72B189FAF9E4}"
EndProject
Project("{8BC9CEB8-8B4A-11D0-8D11-00A0C91BC942}") = "Ejercicio14(loops)", "Ejercicio14(loops)\Ejercicio14(loops).vcxproj", "{E9DB7211-CB20-44AF-91C4-138FB29AF4C6}"
EndProject
Project("{8BC9CEB8-8B4A-11D0-8D11-00A0C91BC942}") = "Ejercicio12loops", "Ejercicio12loops\Ejercicio12loops.vcxproj", "{FC8F98EC-59D7-4881-B4E6-1CAC0F165A99}"
EndProject
Project("{8BC9CEB8-8B4A-11D0-8D11-00A0C91BC942}") = "Ejercicio13loops", "Ejercicio13loops\Ejercicio13loops.vcxproj", "{93FE5FEB-318C-401F-B9BB-152BC21095E2}"
EndProject
Project("{8BC9CEB8-8B4A-11D0-8D11-00A0C91BC942}") = "Ejercicio11loops", "Ejercicio11loops\Ejercicio11loops.vcxproj", "{7A0F0F71-AF72-4B52-B989-9E83B01892C2}"
EndProject
Project("{8BC9CEB8-8B4A-11D0-8D11-00A0C91BC942}") = "Ejercicio22", "Ejercicio22\Ejercicio22.vcxproj", "{F626E463-558A-4CFA-9AD5-D00B21F462D9}"
EndProject
Project("{8BC9CEB8-8B4A-11D0-8D11-00A0C91BC942}") = "Ejercicio21(Funciones)", "Ejercicio21(Funciones)\Ejercicio21(Funciones).vcxproj", "{359F6EA2-2CAC-43EA-80C2-C58FB6A64587}"
EndProject
Project("{8BC9CEB8-8B4A-11D0-8D11-00A0C91BC942}") = "Ejercicio23", "Ejercicio23\Ejercicio23.vcxproj", "{EE7D5A47-5AA5-4F02-A220-D854037C1023}"
EndProject
Project("{8BC9CEB8-8B4A-11D0-8D11-00A0C91BC942}") = "Ejercicio24", "Ejercicio24\Ejercicio24.vcxproj", "{3719BA72-AE63-4DD5-87BF-7122A440322E}"
EndProject
Project("{8BC9CEB8-8B4A-11D0-8D11-00A0C91BC942}") = "Ejercicio25", "Ejercicio25\Ejercicio25.vcxproj", "{8F636D9F-ECFA-4290-A34D-F168A5DACF9B}"
EndProject
Project("{8BC9CEB8-8B4A-11D0-8D11-00A0C91BC942}") = "Ejercicio26", "Ejercicio26\Ejercicio26.vcxproj", "{C589BAA9-D80A-4E90-886C-9BB6B5CA0E03}"
EndProject
Project("{8BC9CEB8-8B4A-11D0-8D11-00A0C91BC942}") = "Ejercicio27", "Ejercicio27\Ejercicio27.vcxproj", "{019C2A2E-8733-4F54-B465-D618EACCE184}"
EndProject
Project("{8BC9CEB8-8B4A-11D0-8D11-00A0C91BC942}") = "Arrays1", "Arrays1\Arrays1.vcxproj", "{50C8CD75-8842-45E0-AECC-31A1636EB5B6}"
EndProject
Project("{8BC9CEB8-8B4A-11D0-8D11-00A0C91BC942}") = "EjercicioTemperatura", "EjercicioTemperatura\EjercicioTemperatura.vcxproj", "{A2AD6C43-CCF9-43A1-93E2-D89F1B25465C}"
EndProject
Project("{8BC9CEB8-8B4A-11D0-8D11-00A0C91BC942}") = "Vectores1", "Vectores1\Vectores1.vcxproj", "{32B6C03A-F2CF-4896-86ED-F47D18A9F9C4}"
EndProject
Project("{8BC9CEB8-8B4A-11D0-8D11-00A0C91BC942}") = "Vectores2", "Vectores2\Vectores2.vcxproj", "{2A640093-59A6-4C29-89A9-415E941223EE}"
EndProject
Project("{8BC9CEB8-8B4A-11D0-8D11-00A0C91BC942}") = "Vectores3", "Vectores3\Vectores3.vcxproj", "{FB043B33-AC6F-4DCC-9E9E-B803933D15C5}"
EndProject
Project("{8BC9CEB8-8B4A-11D0-8D11-00A0C91BC942}") = "Vectores4", "Vectores4\Vectores4.vcxproj", "{45ADDF9A-ED1B-437E-BBE8-09FA5CAC0FEE}"
EndProject
Project("{8BC9CEB8-8B4A-11D0-8D11-00A0C91BC942}") = "Matrices1", "Matrices1\Matrices1.vcxproj", "{19730FA2-BBCD-40BF-A1DC-C9A4FB5C15DB}"
EndProject
Project("{8BC9CEB8-8B4A-11D0-8D11-00A0C91BC942}") = "Structs1", "Structs1\Structs1.vcxproj", "{4852B552-E3A8-4031-AAB9-BAE1B941B33E}"
EndProject
Project("{8BC9CEB8-8B4A-11D0-8D11-00A0C91BC942}") = "Structs2", "Structs2\Structs2.vcxproj", "{BC4BC7E6-2717-4907-AFFD-CE27D294072E}"
EndProject
Project("{8BC9CEB8-8B4A-11D0-8D11-00A0C91BC942}") = "Struct3", "Struct3\Struct3.vcxproj", "{58212744-331E-44D4-BED9-663A0EA7AD1D}"
EndProject
Project("{8BC9CEB8-8B4A-11D0-8D11-00A0C91BC942}") = "Structs4", "Structs4\Structs4.vcxproj", "{DD5DF25A-06A2-41BA-A295-29E9492640B6}"
EndProject
Project("{8BC9CEB8-8B4A-11D0-8D11-00A0C91BC942}") = "AparteoYCC1", "AparteoYCC1\AparteoYCC1.vcxproj", "{F1344C5D-1FFB-4FC6-BD61-F0E2213DADFB}"
EndProject
Project("{8BC9CEB8-8B4A-11D0-8D11-00A0C91BC942}") = "ApareoYCC2", "ApareoYCC2\ApareoYCC2.vcxproj", "{CA96E8D1-AD80-4C8A-8AE7-F311F97B5A97}"
EndProject
Project("{8BC9CEB8-8B4A-11D0-8D11-00A0C91BC942}") = "ApareoYCC3", "ApareoYCC3\ApareoYCC3.vcxproj", "{3BAEF7A0-D0CA-4638-A088-AB11D56FB2E0}"
EndProject
Project("{8BC9CEB8-8B4A-11D0-8D11-00A0C91BC942}") = "CCyArreglos", "CCyArreglos\CCyArreglos.vcxproj", "{63814A07-2145-45E2-A65E-2626A4EF4229}"
EndProject
Project("{8BC9CEB8-8B4A-11D0-8D11-00A0C91BC942}") = "CorteControlArchivos1", "CorteControlArchivos1\CorteControlArchivos1.vcxproj", "{F686D054-D4F0-446D-99E9-08863828B53C}"
EndProject
Project("{8BC9CEB8-8B4A-11D0-8D11-00A0C91BC942}") = "CorteControlArchivos2", "CorteControlArchivos2\CorteControlArchivos2.vcxproj", "{6D0A77A6-585F-4606-9894-D114B18CB9DA}"
EndProject
Project("{8BC9CEB8-8B4A-11D0-8D11-00A0C91BC942}") = "Recursividad1", "Recursividad1\Recursividad1.vcxproj", "{EA738D3B-47DE-47FD-AFEA-8458F8197F5B}"
EndProject
Project("{8BC9CEB8-8B4A-11D0-8D11-00A0C91BC942}") = "ApareoArchivosExtra1", "ApareoArchivosExtra1\ApareoArchivosExtra1.vcxproj", "{33C5981F-BCE9-43F1-85E1-98508EA934A1}"
EndProject
Project("{8BC9CEB8-8B4A-11D0-8D11-00A0C91BC942}") = "OrdenamientoBurbuja", "OrdenamientoBurbuja\OrdenamientoBurbuja.vcxproj", "{C641E0D4-1638-40D9-8306-2AA4D20D05C1}"
EndProject
Project("{8BC9CEB8-8B4A-11D0-8D11-00A0C91BC942}") = "Busquedas", "Busquedas\Busquedas.vcxproj", "{031389C0-E6B0-42AF-BCAC-DC4E05DF51DD}"
EndProject
Project("{8BC9CEB8-8B4A-11D0-8D11-00A0C91BC942}") = "EjCombinados1", "EjCombinados1\EjCombinados1.vcxproj", "{3B3C2CA7-F62A-44A9-9D20-1412A5FAC0B4}"
EndProject
Project("{8BC9CEB8-8B4A-11D0-8D11-00A0C91BC942}") = "EjCombinados2", "EjCombinados2\EjCombinados2.vcxproj", "{0BE748F1-124B-48A4-B877-1B249A54A7A4}"
EndProject
Project("{8BC9CEB8-8B4A-11D0-8D11-00A0C91BC942}") = "EjCombinados3", "EjCombinados3\EjCombinados3.vcxproj", "{B2982C34-F670-47FF-837E-28438707BC9E}"
EndProject
Project("{8BC9CEB8-8B4A-11D0-8D11-00A0C91BC942}") = "EjCombinados4", "EjCombinados4\EjCombinados4.vcxproj", "{BAC06160-53D5-4D35-9801-32199DBC60F4}"
EndProject
Project("{8BC9CEB8-8B4A-11D0-8D11-00A0C91BC942}") = "Listas", "DinamicaLibreria\DinamicaLibreria.vcxproj", "{AE73E125-A4FE-4EC4-8992-F27BAC692ACD}"
EndProject
Project("{8BC9CEB8-8B4A-11D0-8D11-00A0C91BC942}") = "Pilas", "Pilas\Pilas.vcxproj", "{21BA346A-ECFC-4714-A5E0-ED5D9781400C}"
EndProject
Project("{8BC9CEB8-8B4A-11D0-8D11-00A0C91BC942}") = "Colas", "Colas\Colas.vcxproj", "{E65CD991-4D3B-4A43-BEB3-13F902AE2027}"
EndProject
Project("{8BC9CEB8-8B4A-11D0-8D11-00A0C91BC942}") = "PracticaPrimerParcial", "PracticaPrimerParcial\PracticaPrimerParcial.vcxproj", "{328BCE2E-08A4-40F4-B245-0823E2D321C5}"
EndProject
Project("{8BC9CEB8-8B4A-11D0-8D11-00A0C91BC942}") = "PracticaPrimerParcial2", "PracticaPrimerParcial2\PracticaPrimerParcial2.vcxproj", "{F44BC422-9AD1-4FAC-87EB-8BE3868A559D}"
EndProject
Project("{8BC9CEB8-8B4A-11D0-8D11-00A0C91BC942}") = "Simulacro1", "Simulacro1\Simulacro1.vcxproj", "{E5CE9F64-7334-4C50-9156-F192EF723E52}"
EndProject
Project("{8BC9CEB8-8B4A-11D0-8D11-00A0C91BC942}") = "PrimerParcial", "PrimerParcial\PrimerParcial.vcxproj", "{1BF878C9-1AAB-40A0-8635-67B13E140131}"
EndProject
Project("{8BC9CEB8-8B4A-11D0-8D11-00A0C91BC942}") = "EjerciciosPilas", "EjerciciosPilas\EjerciciosPilas.vcxproj", "{35A4E4CE-BD11-40A5-9529-8E8CCFC69E7F}"
EndProject
Global
	GlobalSection(SolutionConfigurationPlatforms) = preSolution
		Debug|x64 = Debug|x64
		Debug|x86 = Debug|x86
		Release|x64 = Release|x64
		Release|x86 = Release|x86
	EndGlobalSection
	GlobalSection(ProjectConfigurationPlatforms) = postSolution
		{BB9F3A26-7036-4A7A-A1BF-9053F1F61E6D}.Debug|x64.ActiveCfg = Debug|x64
		{BB9F3A26-7036-4A7A-A1BF-9053F1F61E6D}.Debug|x64.Build.0 = Debug|x64
		{BB9F3A26-7036-4A7A-A1BF-9053F1F61E6D}.Debug|x86.ActiveCfg = Debug|Win32
		{BB9F3A26-7036-4A7A-A1BF-9053F1F61E6D}.Debug|x86.Build.0 = Debug|Win32
		{BB9F3A26-7036-4A7A-A1BF-9053F1F61E6D}.Release|x64.ActiveCfg = Release|x64
		{BB9F3A26-7036-4A7A-A1BF-9053F1F61E6D}.Release|x64.Build.0 = Release|x64
		{BB9F3A26-7036-4A7A-A1BF-9053F1F61E6D}.Release|x86.ActiveCfg = Release|Win32
		{BB9F3A26-7036-4A7A-A1BF-9053F1F61E6D}.Release|x86.Build.0 = Release|Win32
		{8427A69C-61D7-4049-A4BB-0B99971F44D7}.Debug|x64.ActiveCfg = Debug|x64
		{8427A69C-61D7-4049-A4BB-0B99971F44D7}.Debug|x64.Build.0 = Debug|x64
		{8427A69C-61D7-4049-A4BB-0B99971F44D7}.Debug|x86.ActiveCfg = Debug|Win32
		{8427A69C-61D7-4049-A4BB-0B99971F44D7}.Debug|x86.Build.0 = Debug|Win32
		{8427A69C-61D7-4049-A4BB-0B99971F44D7}.Release|x64.ActiveCfg = Release|x64
		{8427A69C-61D7-4049-A4BB-0B99971F44D7}.Release|x64.Build.0 = Release|x64
		{8427A69C-61D7-4049-A4BB-0B99971F44D7}.Release|x86.ActiveCfg = Release|Win32
		{8427A69C-61D7-4049-A4BB-0B99971F44D7}.Release|x86.Build.0 = Release|Win32
		{3D20D631-45AD-410B-822F-E642F9CDC611}.Debug|x64.ActiveCfg = Debug|x64
		{3D20D631-45AD-410B-822F-E642F9CDC611}.Debug|x64.Build.0 = Debug|x64
		{3D20D631-45AD-410B-822F-E642F9CDC611}.Debug|x86.ActiveCfg = Debug|Win32
		{3D20D631-45AD-410B-822F-E642F9CDC611}.Debug|x86.Build.0 = Debug|Win32
		{3D20D631-45AD-410B-822F-E642F9CDC611}.Release|x64.ActiveCfg = Release|x64
		{3D20D631-45AD-410B-822F-E642F9CDC611}.Release|x64.Build.0 = Release|x64
		{3D20D631-45AD-410B-822F-E642F9CDC611}.Release|x86.ActiveCfg = Release|Win32
		{3D20D631-45AD-410B-822F-E642F9CDC611}.Release|x86.Build.0 = Release|Win32
		{7EA45EB9-CA19-488B-9288-115669BCC8F8}.Debug|x64.ActiveCfg = Debug|x64
		{7EA45EB9-CA19-488B-9288-115669BCC8F8}.Debug|x64.Build.0 = Debug|x64
		{7EA45EB9-CA19-488B-9288-115669BCC8F8}.Debug|x86.ActiveCfg = Debug|Win32
		{7EA45EB9-CA19-488B-9288-115669BCC8F8}.Debug|x86.Build.0 = Debug|Win32
		{7EA45EB9-CA19-488B-9288-115669BCC8F8}.Release|x64.ActiveCfg = Release|x64
		{7EA45EB9-CA19-488B-9288-115669BCC8F8}.Release|x64.Build.0 = Release|x64
		{7EA45EB9-CA19-488B-9288-115669BCC8F8}.Release|x86.ActiveCfg = Release|Win32
		{7EA45EB9-CA19-488B-9288-115669BCC8F8}.Release|x86.Build.0 = Release|Win32
		{86A019EB-A32E-4457-9F1F-78AD16CCD0EB}.Debug|x64.ActiveCfg = Debug|x64
		{86A019EB-A32E-4457-9F1F-78AD16CCD0EB}.Debug|x64.Build.0 = Debug|x64
		{86A019EB-A32E-4457-9F1F-78AD16CCD0EB}.Debug|x86.ActiveCfg = Debug|Win32
		{86A019EB-A32E-4457-9F1F-78AD16CCD0EB}.Debug|x86.Build.0 = Debug|Win32
		{86A019EB-A32E-4457-9F1F-78AD16CCD0EB}.Release|x64.ActiveCfg = Release|x64
		{86A019EB-A32E-4457-9F1F-78AD16CCD0EB}.Release|x64.Build.0 = Release|x64
		{86A019EB-A32E-4457-9F1F-78AD16CCD0EB}.Release|x86.ActiveCfg = Release|Win32
		{86A019EB-A32E-4457-9F1F-78AD16CCD0EB}.Release|x86.Build.0 = Release|Win32
		{6EDFE612-1A16-4AF9-B1F6-F4C50AB6DF2F}.Debug|x64.ActiveCfg = Debug|x64
		{6EDFE612-1A16-4AF9-B1F6-F4C50AB6DF2F}.Debug|x64.Build.0 = Debug|x64
		{6EDFE612-1A16-4AF9-B1F6-F4C50AB6DF2F}.Debug|x86.ActiveCfg = Debug|Win32
		{6EDFE612-1A16-4AF9-B1F6-F4C50AB6DF2F}.Debug|x86.Build.0 = Debug|Win32
		{6EDFE612-1A16-4AF9-B1F6-F4C50AB6DF2F}.Release|x64.ActiveCfg = Release|x64
		{6EDFE612-1A16-4AF9-B1F6-F4C50AB6DF2F}.Release|x64.Build.0 = Release|x64
		{6EDFE612-1A16-4AF9-B1F6-F4C50AB6DF2F}.Release|x86.ActiveCfg = Release|Win32
		{6EDFE612-1A16-4AF9-B1F6-F4C50AB6DF2F}.Release|x86.Build.0 = Release|Win32
		{1FC53332-3944-445B-BDED-5F4004AB2F58}.Debug|x64.ActiveCfg = Debug|x64
		{1FC53332-3944-445B-BDED-5F4004AB2F58}.Debug|x64.Build.0 = Debug|x64
		{1FC53332-3944-445B-BDED-5F4004AB2F58}.Debug|x86.ActiveCfg = Debug|Win32
		{1FC53332-3944-445B-BDED-5F4004AB2F58}.Debug|x86.Build.0 = Debug|Win32
		{1FC53332-3944-445B-BDED-5F4004AB2F58}.Release|x64.ActiveCfg = Release|x64
		{1FC53332-3944-445B-BDED-5F4004AB2F58}.Release|x64.Build.0 = Release|x64
		{1FC53332-3944-445B-BDED-5F4004AB2F58}.Release|x86.ActiveCfg = Release|Win32
		{1FC53332-3944-445B-BDED-5F4004AB2F58}.Release|x86.Build.0 = Release|Win32
		{25A12382-A59A-42D8-8E62-0CD7E86831F2}.Debug|x64.ActiveCfg = Debug|x64
		{25A12382-A59A-42D8-8E62-0CD7E86831F2}.Debug|x64.Build.0 = Debug|x64
		{25A12382-A59A-42D8-8E62-0CD7E86831F2}.Debug|x86.ActiveCfg = Debug|Win32
		{25A12382-A59A-42D8-8E62-0CD7E86831F2}.Debug|x86.Build.0 = Debug|Win32
		{25A12382-A59A-42D8-8E62-0CD7E86831F2}.Release|x64.ActiveCfg = Release|x64
		{25A12382-A59A-42D8-8E62-0CD7E86831F2}.Release|x64.Build.0 = Release|x64
		{25A12382-A59A-42D8-8E62-0CD7E86831F2}.Release|x86.ActiveCfg = Release|Win32
		{25A12382-A59A-42D8-8E62-0CD7E86831F2}.Release|x86.Build.0 = Release|Win32
		{632CDB2E-2241-4173-8E65-5A9F28D73BC7}.Debug|x64.ActiveCfg = Debug|x64
		{632CDB2E-2241-4173-8E65-5A9F28D73BC7}.Debug|x64.Build.0 = Debug|x64
		{632CDB2E-2241-4173-8E65-5A9F28D73BC7}.Debug|x86.ActiveCfg = Debug|Win32
		{632CDB2E-2241-4173-8E65-5A9F28D73BC7}.Debug|x86.Build.0 = Debug|Win32
		{632CDB2E-2241-4173-8E65-5A9F28D73BC7}.Release|x64.ActiveCfg = Release|x64
		{632CDB2E-2241-4173-8E65-5A9F28D73BC7}.Release|x64.Build.0 = Release|x64
		{632CDB2E-2241-4173-8E65-5A9F28D73BC7}.Release|x86.ActiveCfg = Release|Win32
		{632CDB2E-2241-4173-8E65-5A9F28D73BC7}.Release|x86.Build.0 = Release|Win32
		{809B7D14-D8B2-4FB3-842F-21E9CEB6096F}.Debug|x64.ActiveCfg = Debug|x64
		{809B7D14-D8B2-4FB3-842F-21E9CEB6096F}.Debug|x64.Build.0 = Debug|x64
		{809B7D14-D8B2-4FB3-842F-21E9CEB6096F}.Debug|x86.ActiveCfg = Debug|Win32
		{809B7D14-D8B2-4FB3-842F-21E9CEB6096F}.Debug|x86.Build.0 = Debug|Win32
		{809B7D14-D8B2-4FB3-842F-21E9CEB6096F}.Release|x64.ActiveCfg = Release|x64
		{809B7D14-D8B2-4FB3-842F-21E9CEB6096F}.Release|x64.Build.0 = Release|x64
		{809B7D14-D8B2-4FB3-842F-21E9CEB6096F}.Release|x86.ActiveCfg = Release|Win32
		{809B7D14-D8B2-4FB3-842F-21E9CEB6096F}.Release|x86.Build.0 = Release|Win32
		{7AF6CF5B-D6F3-4CE8-A95C-72B189FAF9E4}.Debug|x64.ActiveCfg = Debug|x64
		{7AF6CF5B-D6F3-4CE8-A95C-72B189FAF9E4}.Debug|x64.Build.0 = Debug|x64
		{7AF6CF5B-D6F3-4CE8-A95C-72B189FAF9E4}.Debug|x86.ActiveCfg = Debug|Win32
		{7AF6CF5B-D6F3-4CE8-A95C-72B189FAF9E4}.Debug|x86.Build.0 = Debug|Win32
		{7AF6CF5B-D6F3-4CE8-A95C-72B189FAF9E4}.Release|x64.ActiveCfg = Release|x64
		{7AF6CF5B-D6F3-4CE8-A95C-72B189FAF9E4}.Release|x64.Build.0 = Release|x64
		{7AF6CF5B-D6F3-4CE8-A95C-72B189FAF9E4}.Release|x86.ActiveCfg = Release|Win32
		{7AF6CF5B-D6F3-4CE8-A95C-72B189FAF9E4}.Release|x86.Build.0 = Release|Win32
		{E9DB7211-CB20-44AF-91C4-138FB29AF4C6}.Debug|x64.ActiveCfg = Debug|x64
		{E9DB7211-CB20-44AF-91C4-138FB29AF4C6}.Debug|x64.Build.0 = Debug|x64
		{E9DB7211-CB20-44AF-91C4-138FB29AF4C6}.Debug|x86.ActiveCfg = Debug|Win32
		{E9DB7211-CB20-44AF-91C4-138FB29AF4C6}.Debug|x86.Build.0 = Debug|Win32
		{E9DB7211-CB20-44AF-91C4-138FB29AF4C6}.Release|x64.ActiveCfg = Release|x64
		{E9DB7211-CB20-44AF-91C4-138FB29AF4C6}.Release|x64.Build.0 = Release|x64
		{E9DB7211-CB20-44AF-91C4-138FB29AF4C6}.Release|x86.ActiveCfg = Release|Win32
		{E9DB7211-CB20-44AF-91C4-138FB29AF4C6}.Release|x86.Build.0 = Release|Win32
		{FC8F98EC-59D7-4881-B4E6-1CAC0F165A99}.Debug|x64.ActiveCfg = Debug|x64
		{FC8F98EC-59D7-4881-B4E6-1CAC0F165A99}.Debug|x64.Build.0 = Debug|x64
		{FC8F98EC-59D7-4881-B4E6-1CAC0F165A99}.Debug|x86.ActiveCfg = Debug|Win32
		{FC8F98EC-59D7-4881-B4E6-1CAC0F165A99}.Debug|x86.Build.0 = Debug|Win32
		{FC8F98EC-59D7-4881-B4E6-1CAC0F165A99}.Release|x64.ActiveCfg = Release|x64
		{FC8F98EC-59D7-4881-B4E6-1CAC0F165A99}.Release|x64.Build.0 = Release|x64
		{FC8F98EC-59D7-4881-B4E6-1CAC0F165A99}.Release|x86.ActiveCfg = Release|Win32
		{FC8F98EC-59D7-4881-B4E6-1CAC0F165A99}.Release|x86.Build.0 = Release|Win32
		{93FE5FEB-318C-401F-B9BB-152BC21095E2}.Debug|x64.ActiveCfg = Debug|x64
		{93FE5FEB-318C-401F-B9BB-152BC21095E2}.Debug|x64.Build.0 = Debug|x64
		{93FE5FEB-318C-401F-B9BB-152BC21095E2}.Debug|x86.ActiveCfg = Debug|Win32
		{93FE5FEB-318C-401F-B9BB-152BC21095E2}.Debug|x86.Build.0 = Debug|Win32
		{93FE5FEB-318C-401F-B9BB-152BC21095E2}.Release|x64.ActiveCfg = Release|x64
		{93FE5FEB-318C-401F-B9BB-152BC21095E2}.Release|x64.Build.0 = Release|x64
		{93FE5FEB-318C-401F-B9BB-152BC21095E2}.Release|x86.ActiveCfg = Release|Win32
		{93FE5FEB-318C-401F-B9BB-152BC21095E2}.Release|x86.Build.0 = Release|Win32
		{7A0F0F71-AF72-4B52-B989-9E83B01892C2}.Debug|x64.ActiveCfg = Debug|x64
		{7A0F0F71-AF72-4B52-B989-9E83B01892C2}.Debug|x64.Build.0 = Debug|x64
		{7A0F0F71-AF72-4B52-B989-9E83B01892C2}.Debug|x86.ActiveCfg = Debug|Win32
		{7A0F0F71-AF72-4B52-B989-9E83B01892C2}.Debug|x86.Build.0 = Debug|Win32
		{7A0F0F71-AF72-4B52-B989-9E83B01892C2}.Release|x64.ActiveCfg = Release|x64
		{7A0F0F71-AF72-4B52-B989-9E83B01892C2}.Release|x64.Build.0 = Release|x64
		{7A0F0F71-AF72-4B52-B989-9E83B01892C2}.Release|x86.ActiveCfg = Release|Win32
		{7A0F0F71-AF72-4B52-B989-9E83B01892C2}.Release|x86.Build.0 = Release|Win32
		{F626E463-558A-4CFA-9AD5-D00B21F462D9}.Debug|x64.ActiveCfg = Debug|x64
		{F626E463-558A-4CFA-9AD5-D00B21F462D9}.Debug|x64.Build.0 = Debug|x64
		{F626E463-558A-4CFA-9AD5-D00B21F462D9}.Debug|x86.ActiveCfg = Debug|Win32
		{F626E463-558A-4CFA-9AD5-D00B21F462D9}.Debug|x86.Build.0 = Debug|Win32
		{F626E463-558A-4CFA-9AD5-D00B21F462D9}.Release|x64.ActiveCfg = Release|x64
		{F626E463-558A-4CFA-9AD5-D00B21F462D9}.Release|x64.Build.0 = Release|x64
		{F626E463-558A-4CFA-9AD5-D00B21F462D9}.Release|x86.ActiveCfg = Release|Win32
		{F626E463-558A-4CFA-9AD5-D00B21F462D9}.Release|x86.Build.0 = Release|Win32
		{359F6EA2-2CAC-43EA-80C2-C58FB6A64587}.Debug|x64.ActiveCfg = Debug|x64
		{359F6EA2-2CAC-43EA-80C2-C58FB6A64587}.Debug|x64.Build.0 = Debug|x64
		{359F6EA2-2CAC-43EA-80C2-C58FB6A64587}.Debug|x86.ActiveCfg = Debug|Win32
		{359F6EA2-2CAC-43EA-80C2-C58FB6A64587}.Debug|x86.Build.0 = Debug|Win32
		{359F6EA2-2CAC-43EA-80C2-C58FB6A64587}.Release|x64.ActiveCfg = Release|x64
		{359F6EA2-2CAC-43EA-80C2-C58FB6A64587}.Release|x64.Build.0 = Release|x64
		{359F6EA2-2CAC-43EA-80C2-C58FB6A64587}.Release|x86.ActiveCfg = Release|Win32
		{359F6EA2-2CAC-43EA-80C2-C58FB6A64587}.Release|x86.Build.0 = Release|Win32
		{EE7D5A47-5AA5-4F02-A220-D854037C1023}.Debug|x64.ActiveCfg = Debug|x64
		{EE7D5A47-5AA5-4F02-A220-D854037C1023}.Debug|x64.Build.0 = Debug|x64
		{EE7D5A47-5AA5-4F02-A220-D854037C1023}.Debug|x86.ActiveCfg = Debug|Win32
		{EE7D5A47-5AA5-4F02-A220-D854037C1023}.Debug|x86.Build.0 = Debug|Win32
		{EE7D5A47-5AA5-4F02-A220-D854037C1023}.Release|x64.ActiveCfg = Release|x64
		{EE7D5A47-5AA5-4F02-A220-D854037C1023}.Release|x64.Build.0 = Release|x64
		{EE7D5A47-5AA5-4F02-A220-D854037C1023}.Release|x86.ActiveCfg = Release|Win32
		{EE7D5A47-5AA5-4F02-A220-D854037C1023}.Release|x86.Build.0 = Release|Win32
		{3719BA72-AE63-4DD5-87BF-7122A440322E}.Debug|x64.ActiveCfg = Debug|x64
		{3719BA72-AE63-4DD5-87BF-7122A440322E}.Debug|x64.Build.0 = Debug|x64
		{3719BA72-AE63-4DD5-87BF-7122A440322E}.Debug|x86.ActiveCfg = Debug|Win32
		{3719BA72-AE63-4DD5-87BF-7122A440322E}.Debug|x86.Build.0 = Debug|Win32
		{3719BA72-AE63-4DD5-87BF-7122A440322E}.Release|x64.ActiveCfg = Release|x64
		{3719BA72-AE63-4DD5-87BF-7122A440322E}.Release|x64.Build.0 = Release|x64
		{3719BA72-AE63-4DD5-87BF-7122A440322E}.Release|x86.ActiveCfg = Release|Win32
		{3719BA72-AE63-4DD5-87BF-7122A440322E}.Release|x86.Build.0 = Release|Win32
		{8F636D9F-ECFA-4290-A34D-F168A5DACF9B}.Debug|x64.ActiveCfg = Debug|x64
		{8F636D9F-ECFA-4290-A34D-F168A5DACF9B}.Debug|x64.Build.0 = Debug|x64
		{8F636D9F-ECFA-4290-A34D-F168A5DACF9B}.Debug|x86.ActiveCfg = Debug|Win32
		{8F636D9F-ECFA-4290-A34D-F168A5DACF9B}.Debug|x86.Build.0 = Debug|Win32
		{8F636D9F-ECFA-4290-A34D-F168A5DACF9B}.Release|x64.ActiveCfg = Release|x64
		{8F636D9F-ECFA-4290-A34D-F168A5DACF9B}.Release|x64.Build.0 = Release|x64
		{8F636D9F-ECFA-4290-A34D-F168A5DACF9B}.Release|x86.ActiveCfg = Release|Win32
		{8F636D9F-ECFA-4290-A34D-F168A5DACF9B}.Release|x86.Build.0 = Release|Win32
		{C589BAA9-D80A-4E90-886C-9BB6B5CA0E03}.Debug|x64.ActiveCfg = Debug|x64
		{C589BAA9-D80A-4E90-886C-9BB6B5CA0E03}.Debug|x64.Build.0 = Debug|x64
		{C589BAA9-D80A-4E90-886C-9BB6B5CA0E03}.Debug|x86.ActiveCfg = Debug|Win32
		{C589BAA9-D80A-4E90-886C-9BB6B5CA0E03}.Debug|x86.Build.0 = Debug|Win32
		{C589BAA9-D80A-4E90-886C-9BB6B5CA0E03}.Release|x64.ActiveCfg = Release|x64
		{C589BAA9-D80A-4E90-886C-9BB6B5CA0E03}.Release|x64.Build.0 = Release|x64
		{C589BAA9-D80A-4E90-886C-9BB6B5CA0E03}.Release|x86.ActiveCfg = Release|Win32
		{C589BAA9-D80A-4E90-886C-9BB6B5CA0E03}.Release|x86.Build.0 = Release|Win32
		{019C2A2E-8733-4F54-B465-D618EACCE184}.Debug|x64.ActiveCfg = Debug|x64
		{019C2A2E-8733-4F54-B465-D618EACCE184}.Debug|x64.Build.0 = Debug|x64
		{019C2A2E-8733-4F54-B465-D618EACCE184}.Debug|x86.ActiveCfg = Debug|Win32
		{019C2A2E-8733-4F54-B465-D618EACCE184}.Debug|x86.Build.0 = Debug|Win32
		{019C2A2E-8733-4F54-B465-D618EACCE184}.Release|x64.ActiveCfg = Release|x64
		{019C2A2E-8733-4F54-B465-D618EACCE184}.Release|x64.Build.0 = Release|x64
		{019C2A2E-8733-4F54-B465-D618EACCE184}.Release|x86.ActiveCfg = Release|Win32
		{019C2A2E-8733-4F54-B465-D618EACCE184}.Release|x86.Build.0 = Release|Win32
		{50C8CD75-8842-45E0-AECC-31A1636EB5B6}.Debug|x64.ActiveCfg = Debug|x64
		{50C8CD75-8842-45E0-AECC-31A1636EB5B6}.Debug|x64.Build.0 = Debug|x64
		{50C8CD75-8842-45E0-AECC-31A1636EB5B6}.Debug|x86.ActiveCfg = Debug|Win32
		{50C8CD75-8842-45E0-AECC-31A1636EB5B6}.Debug|x86.Build.0 = Debug|Win32
		{50C8CD75-8842-45E0-AECC-31A1636EB5B6}.Release|x64.ActiveCfg = Release|x64
		{50C8CD75-8842-45E0-AECC-31A1636EB5B6}.Release|x64.Build.0 = Release|x64
		{50C8CD75-8842-45E0-AECC-31A1636EB5B6}.Release|x86.ActiveCfg = Release|Win32
		{50C8CD75-8842-45E0-AECC-31A1636EB5B6}.Release|x86.Build.0 = Release|Win32
		{A2AD6C43-CCF9-43A1-93E2-D89F1B25465C}.Debug|x64.ActiveCfg = Debug|x64
		{A2AD6C43-CCF9-43A1-93E2-D89F1B25465C}.Debug|x64.Build.0 = Debug|x64
		{A2AD6C43-CCF9-43A1-93E2-D89F1B25465C}.Debug|x86.ActiveCfg = Debug|Win32
		{A2AD6C43-CCF9-43A1-93E2-D89F1B25465C}.Debug|x86.Build.0 = Debug|Win32
		{A2AD6C43-CCF9-43A1-93E2-D89F1B25465C}.Release|x64.ActiveCfg = Release|x64
		{A2AD6C43-CCF9-43A1-93E2-D89F1B25465C}.Release|x64.Build.0 = Release|x64
		{A2AD6C43-CCF9-43A1-93E2-D89F1B25465C}.Release|x86.ActiveCfg = Release|Win32
		{A2AD6C43-CCF9-43A1-93E2-D89F1B25465C}.Release|x86.Build.0 = Release|Win32
		{32B6C03A-F2CF-4896-86ED-F47D18A9F9C4}.Debug|x64.ActiveCfg = Debug|x64
		{32B6C03A-F2CF-4896-86ED-F47D18A9F9C4}.Debug|x64.Build.0 = Debug|x64
		{32B6C03A-F2CF-4896-86ED-F47D18A9F9C4}.Debug|x86.ActiveCfg = Debug|Win32
		{32B6C03A-F2CF-4896-86ED-F47D18A9F9C4}.Debug|x86.Build.0 = Debug|Win32
		{32B6C03A-F2CF-4896-86ED-F47D18A9F9C4}.Release|x64.ActiveCfg = Release|x64
		{32B6C03A-F2CF-4896-86ED-F47D18A9F9C4}.Release|x64.Build.0 = Release|x64
		{32B6C03A-F2CF-4896-86ED-F47D18A9F9C4}.Release|x86.ActiveCfg = Release|Win32
		{32B6C03A-F2CF-4896-86ED-F47D18A9F9C4}.Release|x86.Build.0 = Release|Win32
		{2A640093-59A6-4C29-89A9-415E941223EE}.Debug|x64.ActiveCfg = Debug|x64
		{2A640093-59A6-4C29-89A9-415E941223EE}.Debug|x64.Build.0 = Debug|x64
		{2A640093-59A6-4C29-89A9-415E941223EE}.Debug|x86.ActiveCfg = Debug|Win32
		{2A640093-59A6-4C29-89A9-415E941223EE}.Debug|x86.Build.0 = Debug|Win32
		{2A640093-59A6-4C29-89A9-415E941223EE}.Release|x64.ActiveCfg = Release|x64
		{2A640093-59A6-4C29-89A9-415E941223EE}.Release|x64.Build.0 = Release|x64
		{2A640093-59A6-4C29-89A9-415E941223EE}.Release|x86.ActiveCfg = Release|Win32
		{2A640093-59A6-4C29-89A9-415E941223EE}.Release|x86.Build.0 = Release|Win32
		{FB043B33-AC6F-4DCC-9E9E-B803933D15C5}.Debug|x64.ActiveCfg = Debug|x64
		{FB043B33-AC6F-4DCC-9E9E-B803933D15C5}.Debug|x64.Build.0 = Debug|x64
		{FB043B33-AC6F-4DCC-9E9E-B803933D15C5}.Debug|x86.ActiveCfg = Debug|Win32
		{FB043B33-AC6F-4DCC-9E9E-B803933D15C5}.Debug|x86.Build.0 = Debug|Win32
		{FB043B33-AC6F-4DCC-9E9E-B803933D15C5}.Release|x64.ActiveCfg = Release|x64
		{FB043B33-AC6F-4DCC-9E9E-B803933D15C5}.Release|x64.Build.0 = Release|x64
		{FB043B33-AC6F-4DCC-9E9E-B803933D15C5}.Release|x86.ActiveCfg = Release|Win32
		{FB043B33-AC6F-4DCC-9E9E-B803933D15C5}.Release|x86.Build.0 = Release|Win32
		{45ADDF9A-ED1B-437E-BBE8-09FA5CAC0FEE}.Debug|x64.ActiveCfg = Debug|x64
		{45ADDF9A-ED1B-437E-BBE8-09FA5CAC0FEE}.Debug|x64.Build.0 = Debug|x64
		{45ADDF9A-ED1B-437E-BBE8-09FA5CAC0FEE}.Debug|x86.ActiveCfg = Debug|Win32
		{45ADDF9A-ED1B-437E-BBE8-09FA5CAC0FEE}.Debug|x86.Build.0 = Debug|Win32
		{45ADDF9A-ED1B-437E-BBE8-09FA5CAC0FEE}.Release|x64.ActiveCfg = Release|x64
		{45ADDF9A-ED1B-437E-BBE8-09FA5CAC0FEE}.Release|x64.Build.0 = Release|x64
		{45ADDF9A-ED1B-437E-BBE8-09FA5CAC0FEE}.Release|x86.ActiveCfg = Release|Win32
		{45ADDF9A-ED1B-437E-BBE8-09FA5CAC0FEE}.Release|x86.Build.0 = Release|Win32
		{19730FA2-BBCD-40BF-A1DC-C9A4FB5C15DB}.Debug|x64.ActiveCfg = Debug|x64
		{19730FA2-BBCD-40BF-A1DC-C9A4FB5C15DB}.Debug|x64.Build.0 = Debug|x64
		{19730FA2-BBCD-40BF-A1DC-C9A4FB5C15DB}.Debug|x86.ActiveCfg = Debug|Win32
		{19730FA2-BBCD-40BF-A1DC-C9A4FB5C15DB}.Debug|x86.Build.0 = Debug|Win32
		{19730FA2-BBCD-40BF-A1DC-C9A4FB5C15DB}.Release|x64.ActiveCfg = Release|x64
		{19730FA2-BBCD-40BF-A1DC-C9A4FB5C15DB}.Release|x64.Build.0 = Release|x64
		{19730FA2-BBCD-40BF-A1DC-C9A4FB5C15DB}.Release|x86.ActiveCfg = Release|Win32
		{19730FA2-BBCD-40BF-A1DC-C9A4FB5C15DB}.Release|x86.Build.0 = Release|Win32
		{4852B552-E3A8-4031-AAB9-BAE1B941B33E}.Debug|x64.ActiveCfg = Debug|x64
		{4852B552-E3A8-4031-AAB9-BAE1B941B33E}.Debug|x64.Build.0 = Debug|x64
		{4852B552-E3A8-4031-AAB9-BAE1B941B33E}.Debug|x86.ActiveCfg = Debug|Win32
		{4852B552-E3A8-4031-AAB9-BAE1B941B33E}.Debug|x86.Build.0 = Debug|Win32
		{4852B552-E3A8-4031-AAB9-BAE1B941B33E}.Release|x64.ActiveCfg = Release|x64
		{4852B552-E3A8-4031-AAB9-BAE1B941B33E}.Release|x64.Build.0 = Release|x64
		{4852B552-E3A8-4031-AAB9-BAE1B941B33E}.Release|x86.ActiveCfg = Release|Win32
		{4852B552-E3A8-4031-AAB9-BAE1B941B33E}.Release|x86.Build.0 = Release|Win32
		{BC4BC7E6-2717-4907-AFFD-CE27D294072E}.Debug|x64.ActiveCfg = Debug|x64
		{BC4BC7E6-2717-4907-AFFD-CE27D294072E}.Debug|x64.Build.0 = Debug|x64
		{BC4BC7E6-2717-4907-AFFD-CE27D294072E}.Debug|x86.ActiveCfg = Debug|Win32
		{BC4BC7E6-2717-4907-AFFD-CE27D294072E}.Debug|x86.Build.0 = Debug|Win32
		{BC4BC7E6-2717-4907-AFFD-CE27D294072E}.Release|x64.ActiveCfg = Release|x64
		{BC4BC7E6-2717-4907-AFFD-CE27D294072E}.Release|x64.Build.0 = Release|x64
		{BC4BC7E6-2717-4907-AFFD-CE27D294072E}.Release|x86.ActiveCfg = Release|Win32
		{BC4BC7E6-2717-4907-AFFD-CE27D294072E}.Release|x86.Build.0 = Release|Win32
		{58212744-331E-44D4-BED9-663A0EA7AD1D}.Debug|x64.ActiveCfg = Debug|x64
		{58212744-331E-44D4-BED9-663A0EA7AD1D}.Debug|x64.Build.0 = Debug|x64
		{58212744-331E-44D4-BED9-663A0EA7AD1D}.Debug|x86.ActiveCfg = Debug|Win32
		{58212744-331E-44D4-BED9-663A0EA7AD1D}.Debug|x86.Build.0 = Debug|Win32
		{58212744-331E-44D4-BED9-663A0EA7AD1D}.Release|x64.ActiveCfg = Release|x64
		{58212744-331E-44D4-BED9-663A0EA7AD1D}.Release|x64.Build.0 = Release|x64
		{58212744-331E-44D4-BED9-663A0EA7AD1D}.Release|x86.ActiveCfg = Release|Win32
		{58212744-331E-44D4-BED9-663A0EA7AD1D}.Release|x86.Build.0 = Release|Win32
		{DD5DF25A-06A2-41BA-A295-29E9492640B6}.Debug|x64.ActiveCfg = Debug|x64
		{DD5DF25A-06A2-41BA-A295-29E9492640B6}.Debug|x64.Build.0 = Debug|x64
		{DD5DF25A-06A2-41BA-A295-29E9492640B6}.Debug|x86.ActiveCfg = Debug|Win32
		{DD5DF25A-06A2-41BA-A295-29E9492640B6}.Debug|x86.Build.0 = Debug|Win32
		{DD5DF25A-06A2-41BA-A295-29E9492640B6}.Release|x64.ActiveCfg = Release|x64
		{DD5DF25A-06A2-41BA-A295-29E9492640B6}.Release|x64.Build.0 = Release|x64
		{DD5DF25A-06A2-41BA-A295-29E9492640B6}.Release|x86.ActiveCfg = Release|Win32
		{DD5DF25A-06A2-41BA-A295-29E9492640B6}.Release|x86.Build.0 = Release|Win32
		{F1344C5D-1FFB-4FC6-BD61-F0E2213DADFB}.Debug|x64.ActiveCfg = Debug|x64
		{F1344C5D-1FFB-4FC6-BD61-F0E2213DADFB}.Debug|x64.Build.0 = Debug|x64
		{F1344C5D-1FFB-4FC6-BD61-F0E2213DADFB}.Debug|x86.ActiveCfg = Debug|Win32
		{F1344C5D-1FFB-4FC6-BD61-F0E2213DADFB}.Debug|x86.Build.0 = Debug|Win32
		{F1344C5D-1FFB-4FC6-BD61-F0E2213DADFB}.Release|x64.ActiveCfg = Release|x64
		{F1344C5D-1FFB-4FC6-BD61-F0E2213DADFB}.Release|x64.Build.0 = Release|x64
		{F1344C5D-1FFB-4FC6-BD61-F0E2213DADFB}.Release|x86.ActiveCfg = Release|Win32
		{F1344C5D-1FFB-4FC6-BD61-F0E2213DADFB}.Release|x86.Build.0 = Release|Win32
		{CA96E8D1-AD80-4C8A-8AE7-F311F97B5A97}.Debug|x64.ActiveCfg = Debug|x64
		{CA96E8D1-AD80-4C8A-8AE7-F311F97B5A97}.Debug|x64.Build.0 = Debug|x64
		{CA96E8D1-AD80-4C8A-8AE7-F311F97B5A97}.Debug|x86.ActiveCfg = Debug|Win32
		{CA96E8D1-AD80-4C8A-8AE7-F311F97B5A97}.Debug|x86.Build.0 = Debug|Win32
		{CA96E8D1-AD80-4C8A-8AE7-F311F97B5A97}.Release|x64.ActiveCfg = Release|x64
		{CA96E8D1-AD80-4C8A-8AE7-F311F97B5A97}.Release|x64.Build.0 = Release|x64
		{CA96E8D1-AD80-4C8A-8AE7-F311F97B5A97}.Release|x86.ActiveCfg = Release|Win32
		{CA96E8D1-AD80-4C8A-8AE7-F311F97B5A97}.Release|x86.Build.0 = Release|Win32
		{3BAEF7A0-D0CA-4638-A088-AB11D56FB2E0}.Debug|x64.ActiveCfg = Debug|x64
		{3BAEF7A0-D0CA-4638-A088-AB11D56FB2E0}.Debug|x64.Build.0 = Debug|x64
		{3BAEF7A0-D0CA-4638-A088-AB11D56FB2E0}.Debug|x86.ActiveCfg = Debug|Win32
		{3BAEF7A0-D0CA-4638-A088-AB11D56FB2E0}.Debug|x86.Build.0 = Debug|Win32
		{3BAEF7A0-D0CA-4638-A088-AB11D56FB2E0}.Release|x64.ActiveCfg = Release|x64
		{3BAEF7A0-D0CA-4638-A088-AB11D56FB2E0}.Release|x64.Build.0 = Release|x64
		{3BAEF7A0-D0CA-4638-A088-AB11D56FB2E0}.Release|x86.ActiveCfg = Release|Win32
		{3BAEF7A0-D0CA-4638-A088-AB11D56FB2E0}.Release|x86.Build.0 = Release|Win32
		{63814A07-2145-45E2-A65E-2626A4EF4229}.Debug|x64.ActiveCfg = Debug|x64
		{63814A07-2145-45E2-A65E-2626A4EF4229}.Debug|x64.Build.0 = Debug|x64
		{63814A07-2145-45E2-A65E-2626A4EF4229}.Debug|x86.ActiveCfg = Debug|Win32
		{63814A07-2145-45E2-A65E-2626A4EF4229}.Debug|x86.Build.0 = Debug|Win32
		{63814A07-2145-45E2-A65E-2626A4EF4229}.Release|x64.ActiveCfg = Release|x64
		{63814A07-2145-45E2-A65E-2626A4EF4229}.Release|x64.Build.0 = Release|x64
		{63814A07-2145-45E2-A65E-2626A4EF4229}.Release|x86.ActiveCfg = Release|Win32
		{63814A07-2145-45E2-A65E-2626A4EF4229}.Release|x86.Build.0 = Release|Win32
		{F686D054-D4F0-446D-99E9-08863828B53C}.Debug|x64.ActiveCfg = Debug|x64
		{F686D054-D4F0-446D-99E9-08863828B53C}.Debug|x64.Build.0 = Debug|x64
		{F686D054-D4F0-446D-99E9-08863828B53C}.Debug|x86.ActiveCfg = Debug|Win32
		{F686D054-D4F0-446D-99E9-08863828B53C}.Debug|x86.Build.0 = Debug|Win32
		{F686D054-D4F0-446D-99E9-08863828B53C}.Release|x64.ActiveCfg = Release|x64
		{F686D054-D4F0-446D-99E9-08863828B53C}.Release|x64.Build.0 = Release|x64
		{F686D054-D4F0-446D-99E9-08863828B53C}.Release|x86.ActiveCfg = Release|Win32
		{F686D054-D4F0-446D-99E9-08863828B53C}.Release|x86.Build.0 = Release|Win32
		{6D0A77A6-585F-4606-9894-D114B18CB9DA}.Debug|x64.ActiveCfg = Debug|x64
		{6D0A77A6-585F-4606-9894-D114B18CB9DA}.Debug|x64.Build.0 = Debug|x64
		{6D0A77A6-585F-4606-9894-D114B18CB9DA}.Debug|x86.ActiveCfg = Debug|Win32
		{6D0A77A6-585F-4606-9894-D114B18CB9DA}.Debug|x86.Build.0 = Debug|Win32
		{6D0A77A6-585F-4606-9894-D114B18CB9DA}.Release|x64.ActiveCfg = Release|x64
		{6D0A77A6-585F-4606-9894-D114B18CB9DA}.Release|x64.Build.0 = Release|x64
		{6D0A77A6-585F-4606-9894-D114B18CB9DA}.Release|x86.ActiveCfg = Release|Win32
		{6D0A77A6-585F-4606-9894-D114B18CB9DA}.Release|x86.Build.0 = Release|Win32
		{EA738D3B-47DE-47FD-AFEA-8458F8197F5B}.Debug|x64.ActiveCfg = Debug|x64
		{EA738D3B-47DE-47FD-AFEA-8458F8197F5B}.Debug|x64.Build.0 = Debug|x64
		{EA738D3B-47DE-47FD-AFEA-8458F8197F5B}.Debug|x86.ActiveCfg = Debug|Win32
		{EA738D3B-47DE-47FD-AFEA-8458F8197F5B}.Debug|x86.Build.0 = Debug|Win32
		{EA738D3B-47DE-47FD-AFEA-8458F8197F5B}.Release|x64.ActiveCfg = Release|x64
		{EA738D3B-47DE-47FD-AFEA-8458F8197F5B}.Release|x64.Build.0 = Release|x64
		{EA738D3B-47DE-47FD-AFEA-8458F8197F5B}.Release|x86.ActiveCfg = Release|Win32
		{EA738D3B-47DE-47FD-AFEA-8458F8197F5B}.Release|x86.Build.0 = Release|Win32
		{33C5981F-BCE9-43F1-85E1-98508EA934A1}.Debug|x64.ActiveCfg = Debug|x64
		{33C5981F-BCE9-43F1-85E1-98508EA934A1}.Debug|x64.Build.0 = Debug|x64
		{33C5981F-BCE9-43F1-85E1-98508EA934A1}.Debug|x86.ActiveCfg = Debug|Win32
		{33C5981F-BCE9-43F1-85E1-98508EA934A1}.Debug|x86.Build.0 = Debug|Win32
		{33C5981F-BCE9-43F1-85E1-98508EA934A1}.Release|x64.ActiveCfg = Release|x64
		{33C5981F-BCE9-43F1-85E1-98508EA934A1}.Release|x64.Build.0 = Release|x64
		{33C5981F-BCE9-43F1-85E1-98508EA934A1}.Release|x86.ActiveCfg = Release|Win32
		{33C5981F-BCE9-43F1-85E1-98508EA934A1}.Release|x86.Build.0 = Release|Win32
		{C641E0D4-1638-40D9-8306-2AA4D20D05C1}.Debug|x64.ActiveCfg = Debug|x64
		{C641E0D4-1638-40D9-8306-2AA4D20D05C1}.Debug|x64.Build.0 = Debug|x64
		{C641E0D4-1638-40D9-8306-2AA4D20D05C1}.Debug|x86.ActiveCfg = Debug|Win32
		{C641E0D4-1638-40D9-8306-2AA4D20D05C1}.Debug|x86.Build.0 = Debug|Win32
		{C641E0D4-1638-40D9-8306-2AA4D20D05C1}.Release|x64.ActiveCfg = Release|x64
		{C641E0D4-1638-40D9-8306-2AA4D20D05C1}.Release|x64.Build.0 = Release|x64
		{C641E0D4-1638-40D9-8306-2AA4D20D05C1}.Release|x86.ActiveCfg = Release|Win32
		{C641E0D4-1638-40D9-8306-2AA4D20D05C1}.Release|x86.Build.0 = Release|Win32
		{031389C0-E6B0-42AF-BCAC-DC4E05DF51DD}.Debug|x64.ActiveCfg = Debug|x64
		{031389C0-E6B0-42AF-BCAC-DC4E05DF51DD}.Debug|x64.Build.0 = Debug|x64
		{031389C0-E6B0-42AF-BCAC-DC4E05DF51DD}.Debug|x86.ActiveCfg = Debug|Win32
		{031389C0-E6B0-42AF-BCAC-DC4E05DF51DD}.Debug|x86.Build.0 = Debug|Win32
		{031389C0-E6B0-42AF-BCAC-DC4E05DF51DD}.Release|x64.ActiveCfg = Release|x64
		{031389C0-E6B0-42AF-BCAC-DC4E05DF51DD}.Release|x64.Build.0 = Release|x64
		{031389C0-E6B0-42AF-BCAC-DC4E05DF51DD}.Release|x86.ActiveCfg = Release|Win32
		{031389C0-E6B0-42AF-BCAC-DC4E05DF51DD}.Release|x86.Build.0 = Release|Win32
		{3B3C2CA7-F62A-44A9-9D20-1412A5FAC0B4}.Debug|x64.ActiveCfg = Debug|x64
		{3B3C2CA7-F62A-44A9-9D20-1412A5FAC0B4}.Debug|x64.Build.0 = Debug|x64
		{3B3C2CA7-F62A-44A9-9D20-1412A5FAC0B4}.Debug|x86.ActiveCfg = Debug|Win32
		{3B3C2CA7-F62A-44A9-9D20-1412A5FAC0B4}.Debug|x86.Build.0 = Debug|Win32
		{3B3C2CA7-F62A-44A9-9D20-1412A5FAC0B4}.Release|x64.ActiveCfg = Release|x64
		{3B3C2CA7-F62A-44A9-9D20-1412A5FAC0B4}.Release|x64.Build.0 = Release|x64
		{3B3C2CA7-F62A-44A9-9D20-1412A5FAC0B4}.Release|x86.ActiveCfg = Release|Win32
		{3B3C2CA7-F62A-44A9-9D20-1412A5FAC0B4}.Release|x86.Build.0 = Release|Win32
		{0BE748F1-124B-48A4-B877-1B249A54A7A4}.Debug|x64.ActiveCfg = Debug|x64
		{0BE748F1-124B-48A4-B877-1B249A54A7A4}.Debug|x64.Build.0 = Debug|x64
		{0BE748F1-124B-48A4-B877-1B249A54A7A4}.Debug|x86.ActiveCfg = Debug|Win32
		{0BE748F1-124B-48A4-B877-1B249A54A7A4}.Debug|x86.Build.0 = Debug|Win32
		{0BE748F1-124B-48A4-B877-1B249A54A7A4}.Release|x64.ActiveCfg = Release|x64
		{0BE748F1-124B-48A4-B877-1B249A54A7A4}.Release|x64.Build.0 = Release|x64
		{0BE748F1-124B-48A4-B877-1B249A54A7A4}.Release|x86.ActiveCfg = Release|Win32
		{0BE748F1-124B-48A4-B877-1B249A54A7A4}.Release|x86.Build.0 = Release|Win32
		{B2982C34-F670-47FF-837E-28438707BC9E}.Debug|x64.ActiveCfg = Debug|x64
		{B2982C34-F670-47FF-837E-28438707BC9E}.Debug|x64.Build.0 = Debug|x64
		{B2982C34-F670-47FF-837E-28438707BC9E}.Debug|x86.ActiveCfg = Debug|Win32
		{B2982C34-F670-47FF-837E-28438707BC9E}.Debug|x86.Build.0 = Debug|Win32
		{B2982C34-F670-47FF-837E-28438707BC9E}.Release|x64.ActiveCfg = Release|x64
		{B2982C34-F670-47FF-837E-28438707BC9E}.Release|x64.Build.0 = Release|x64
		{B2982C34-F670-47FF-837E-28438707BC9E}.Release|x86.ActiveCfg = Release|Win32
		{B2982C34-F670-47FF-837E-28438707BC9E}.Release|x86.Build.0 = Release|Win32
		{BAC06160-53D5-4D35-9801-32199DBC60F4}.Debug|x64.ActiveCfg = Debug|x64
		{BAC06160-53D5-4D35-9801-32199DBC60F4}.Debug|x64.Build.0 = Debug|x64
		{BAC06160-53D5-4D35-9801-32199DBC60F4}.Debug|x86.ActiveCfg = Debug|Win32
		{BAC06160-53D5-4D35-9801-32199DBC60F4}.Debug|x86.Build.0 = Debug|Win32
		{BAC06160-53D5-4D35-9801-32199DBC60F4}.Release|x64.ActiveCfg = Release|x64
		{BAC06160-53D5-4D35-9801-32199DBC60F4}.Release|x64.Build.0 = Release|x64
		{BAC06160-53D5-4D35-9801-32199DBC60F4}.Release|x86.ActiveCfg = Release|Win32
		{BAC06160-53D5-4D35-9801-32199DBC60F4}.Release|x86.Build.0 = Release|Win32
		{AE73E125-A4FE-4EC4-8992-F27BAC692ACD}.Debug|x64.ActiveCfg = Debug|x64
		{AE73E125-A4FE-4EC4-8992-F27BAC692ACD}.Debug|x64.Build.0 = Debug|x64
		{AE73E125-A4FE-4EC4-8992-F27BAC692ACD}.Debug|x86.ActiveCfg = Debug|Win32
		{AE73E125-A4FE-4EC4-8992-F27BAC692ACD}.Debug|x86.Build.0 = Debug|Win32
		{AE73E125-A4FE-4EC4-8992-F27BAC692ACD}.Release|x64.ActiveCfg = Release|x64
		{AE73E125-A4FE-4EC4-8992-F27BAC692ACD}.Release|x64.Build.0 = Release|x64
		{AE73E125-A4FE-4EC4-8992-F27BAC692ACD}.Release|x86.ActiveCfg = Release|Win32
		{AE73E125-A4FE-4EC4-8992-F27BAC692ACD}.Release|x86.Build.0 = Release|Win32
		{21BA346A-ECFC-4714-A5E0-ED5D9781400C}.Debug|x64.ActiveCfg = Debug|x64
		{21BA346A-ECFC-4714-A5E0-ED5D9781400C}.Debug|x64.Build.0 = Debug|x64
		{21BA346A-ECFC-4714-A5E0-ED5D9781400C}.Debug|x86.ActiveCfg = Debug|Win32
		{21BA346A-ECFC-4714-A5E0-ED5D9781400C}.Debug|x86.Build.0 = Debug|Win32
		{21BA346A-ECFC-4714-A5E0-ED5D9781400C}.Release|x64.ActiveCfg = Release|x64
		{21BA346A-ECFC-4714-A5E0-ED5D9781400C}.Release|x64.Build.0 = Release|x64
		{21BA346A-ECFC-4714-A5E0-ED5D9781400C}.Release|x86.ActiveCfg = Release|Win32
		{21BA346A-ECFC-4714-A5E0-ED5D9781400C}.Release|x86.Build.0 = Release|Win32
		{E65CD991-4D3B-4A43-BEB3-13F902AE2027}.Debug|x64.ActiveCfg = Debug|x64
		{E65CD991-4D3B-4A43-BEB3-13F902AE2027}.Debug|x64.Build.0 = Debug|x64
		{E65CD991-4D3B-4A43-BEB3-13F902AE2027}.Debug|x86.ActiveCfg = Debug|Win32
		{E65CD991-4D3B-4A43-BEB3-13F902AE2027}.Debug|x86.Build.0 = Debug|Win32
		{E65CD991-4D3B-4A43-BEB3-13F902AE2027}.Release|x64.ActiveCfg = Release|x64
		{E65CD991-4D3B-4A43-BEB3-13F902AE2027}.Release|x64.Build.0 = Release|x64
		{E65CD991-4D3B-4A43-BEB3-13F902AE2027}.Release|x86.ActiveCfg = Release|Win32
		{E65CD991-4D3B-4A43-BEB3-13F902AE2027}.Release|x86.Build.0 = Release|Win32
		{328BCE2E-08A4-40F4-B245-0823E2D321C5}.Debug|x64.ActiveCfg = Debug|x64
		{328BCE2E-08A4-40F4-B245-0823E2D321C5}.Debug|x64.Build.0 = Debug|x64
		{328BCE2E-08A4-40F4-B245-0823E2D321C5}.Debug|x86.ActiveCfg = Debug|Win32
		{328BCE2E-08A4-40F4-B245-0823E2D321C5}.Debug|x86.Build.0 = Debug|Win32
		{328BCE2E-08A4-40F4-B245-0823E2D321C5}.Release|x64.ActiveCfg = Release|x64
		{328BCE2E-08A4-40F4-B245-0823E2D321C5}.Release|x64.Build.0 = Release|x64
		{328BCE2E-08A4-40F4-B245-0823E2D321C5}.Release|x86.ActiveCfg = Release|Win32
		{328BCE2E-08A4-40F4-B245-0823E2D321C5}.Release|x86.Build.0 = Release|Win32
		{F44BC422-9AD1-4FAC-87EB-8BE3868A559D}.Debug|x64.ActiveCfg = Debug|x64
		{F44BC422-9AD1-4FAC-87EB-8BE3868A559D}.Debug|x64.Build.0 = Debug|x64
		{F44BC422-9AD1-4FAC-87EB-8BE3868A559D}.Debug|x86.ActiveCfg = Debug|Win32
		{F44BC422-9AD1-4FAC-87EB-8BE3868A559D}.Debug|x86.Build.0 = Debug|Win32
		{F44BC422-9AD1-4FAC-87EB-8BE3868A559D}.Release|x64.ActiveCfg = Release|x64
		{F44BC422-9AD1-4FAC-87EB-8BE3868A559D}.Release|x64.Build.0 = Release|x64
		{F44BC422-9AD1-4FAC-87EB-8BE3868A559D}.Release|x86.ActiveCfg = Release|Win32
		{F44BC422-9AD1-4FAC-87EB-8BE3868A559D}.Release|x86.Build.0 = Release|Win32
		{E5CE9F64-7334-4C50-9156-F192EF723E52}.Debug|x64.ActiveCfg = Debug|x64
		{E5CE9F64-7334-4C50-9156-F192EF723E52}.Debug|x64.Build.0 = Debug|x64
		{E5CE9F64-7334-4C50-9156-F192EF723E52}.Debug|x86.ActiveCfg = Debug|Win32
		{E5CE9F64-7334-4C50-9156-F192EF723E52}.Debug|x86.Build.0 = Debug|Win32
		{E5CE9F64-7334-4C50-9156-F192EF723E52}.Release|x64.ActiveCfg = Release|x64
		{E5CE9F64-7334-4C50-9156-F192EF723E52}.Release|x64.Build.0 = Release|x64
		{E5CE9F64-7334-4C50-9156-F192EF723E52}.Release|x86.ActiveCfg = Release|Win32
		{E5CE9F64-7334-4C50-9156-F192EF723E52}.Release|x86.Build.0 = Release|Win32
		{1BF878C9-1AAB-40A0-8635-67B13E140131}.Debug|x64.ActiveCfg = Debug|x64
		{1BF878C9-1AAB-40A0-8635-67B13E140131}.Debug|x64.Build.0 = Debug|x64
		{1BF878C9-1AAB-40A0-8635-67B13E140131}.Debug|x86.ActiveCfg = Debug|Win32
		{1BF878C9-1AAB-40A0-8635-67B13E140131}.Debug|x86.Build.0 = Debug|Win32
		{1BF878C9-1AAB-40A0-8635-67B13E140131}.Release|x64.ActiveCfg = Release|x64
		{1BF878C9-1AAB-40A0-8635-67B13E140131}.Release|x64.Build.0 = Release|x64
		{1BF878C9-1AAB-40A0-8635-67B13E140131}.Release|x86.ActiveCfg = Release|Win32
		{1BF878C9-1AAB-40A0-8635-67B13E140131}.Release|x86.Build.0 = Release|Win32
		{35A4E4CE-BD11-40A5-9529-8E8CCFC69E7F}.Debug|x64.ActiveCfg = Debug|x64
		{35A4E4CE-BD11-40A5-9529-8E8CCFC69E7F}.Debug|x64.Build.0 = Debug|x64
		{35A4E4CE-BD11-40A5-9529-8E8CCFC69E7F}.Debug|x86.ActiveCfg = Debug|Win32
		{35A4E4CE-BD11-40A5-9529-8E8CCFC69E7F}.Debug|x86.Build.0 = Debug|Win32
		{35A4E4CE-BD11-40A5-9529-8E8CCFC69E7F}.Release|x64.ActiveCfg = Release|x64
		{35A4E4CE-BD11-40A5-9529-8E8CCFC69E7F}.Release|x64.Build.0 = Release|x64
		{35A4E4CE-BD11-40A5-9529-8E8CCFC69E7F}.Release|x86.ActiveCfg = Release|Win32
		{35A4E4CE-BD11-40A5-9529-8E8CCFC69E7F}.Release|x86.Build.0 = Release|Win32
	EndGlobalSection
	GlobalSection(SolutionProperties) = preSolution
		HideSolutionNode = FALSE
	EndGlobalSection
	GlobalSection(ExtensibilityGlobals) = postSolution
		SolutionGuid = {EEA34262-97E9-4117-AD93-67232AA0E3CA}
	EndGlobalSection
EndGlobal
